Microsoft Visual Studio Solution File, Format Version 12.00
# Visual Studio Version 17
VisualStudioVersion = 17.13.35919.96
MinimumVisualStudioVersion = 10.0.40219.1
Project("{FAE04EC0-301F-11D3-BF4B-00C04F79EFBC}") = "SaaS.AppHost", "Aspire\SaaS.AppHost\SaaS.AppHost.csproj", "{3E10EB26-8923-4C8B-BED3-2A9010586B03}"
EndProject
Project("{FAE04EC0-301F-11D3-BF4B-00C04F79EFBC}") = "SaaS.ServiceDefaults", "Aspire\SaaS.ServiceDefaults\SaaS.ServiceDefaults.csproj", "{D7C7FDA8-018B-DE9E-7E11-BA9A93BA01D9}"
EndProject
Project("{2150E333-8FDC-42A3-9474-1A3956D46DE8}") = "Aspire", "Aspire", "{02EA681E-C7D8-13C7-8484-4AC65E1B71E8}"
EndProject
Project("{2150E333-8FDC-42A3-9474-1A3956D46DE8}") = "Modules", "Modules", "{DD6912FA-7684-41E7-A27B-17435D62E371}"
EndProject
Project("{2150E333-8FDC-42A3-9474-1A3956D46DE8}") = "Shared", "Shared", "{C8B463CB-2C02-48BE-90AE-C04EB8A571CD}"
EndProject
Project("{2150E333-8FDC-42A3-9474-1A3956D46DE8}") = "Frontend", "Frontend", "{8898470A-2599-43F2-A6E7-DC3B7C87A486}"
EndProject
Project("{2150E333-8FDC-42A3-9474-1A3956D46DE8}") = "Frontend.Modules.UI", "Frontend.Modules.UI", "{85F055A4-BD40-427F-9F86-8D77F4E15C58}"
EndProject
Project("{2150E333-8FDC-42A3-9474-1A3956D46DE8}") = "ERP", "ERP", "{31D881E9-14BB-4675-8576-0A7C44D53E3D}"
EndProject
Project("{2150E333-8FDC-42A3-9474-1A3956D46DE8}") = "ERP.Application", "ERP.Application", "{5C824646-2BD4-447B-9D02-8593E841BD02}"
EndProject
Project("{2150E333-8FDC-42A3-9474-1A3956D46DE8}") = "ERP.Domain", "ERP.Domain", "{37457BBF-A839-4025-A968-058FA60E34ED}"
EndProject
Project("{2150E333-8FDC-42A3-9474-1A3956D46DE8}") = "ERP.Infrastructure", "ERP.Infrastructure", "{29A2592F-76BF-4026-9BA6-8640867ED52D}"
EndProject
Project("{2150E333-8FDC-42A3-9474-1A3956D46DE8}") = "ERP.Api", "ERP.Api", "{CAC1B824-1716-4FAB-997A-BC99574E8163}"
EndProject
Project("{FAE04EC0-301F-11D3-BF4B-00C04F79EFBC}") = "ERP.Api", "Modules\ERP\ERP.Api\ERP.Api.csproj", "{8A78FB96-B2C1-4551-7CC8-A857EC604514}"
EndProject
Project("{FAE04EC0-301F-11D3-BF4B-00C04F79EFBC}") = "ERP.Application", "Modules\ERP\ERP.Application\ERP.Application.csproj", "{D1756178-B7C8-4DEF-A185-976784CFD951}"
EndProject
Project("{FAE04EC0-301F-11D3-BF4B-00C04F79EFBC}") = "ERP.Domain", "Modules\ERP\ERP.Domain\ERP.Domain.csproj", "{6089DA95-8E49-424F-833A-AB3F4EB477DB}"
EndProject
Project("{FAE04EC0-301F-11D3-BF4B-00C04F79EFBC}") = "ERP.Infrastructure", "Modules\ERP\ERP.Infrastructure\ERP.Infrastructure.csproj", "{36E991FE-A4A3-4444-AB49-C0295F12981B}"
EndProject
Project("{FAE04EC0-301F-11D3-BF4B-00C04F79EFBC}") = "SharedKernel", "Shared\SharedKernel\SharedKernel.csproj", "{1D00A97F-161D-4516-8F14-7105AA261B66}"
EndProject
Project("{2150E333-8FDC-42A3-9474-1A3956D46DE8}") = "SaaS", "SaaS", "{D95A7F5F-55D7-41AB-8B68-5C3CA37E20F3}"
EndProject
Project("{2150E333-8FDC-42A3-9474-1A3956D46DE8}") = "SaaS.Api", "SaaS.Api", "{30D84DFA-6FB3-4B7F-A71B-DBDEDD8FF258}"
EndProject
Project("{FAE04EC0-301F-11D3-BF4B-00C04F79EFBC}") = "SaaS.Api", "Modules\SaaS\SaaS.Api\SaaS.Api.csproj", "{8B6B5D63-1AE6-4D93-83FD-F01C47E42D0B}"
EndProject
Project("{2150E333-8FDC-42A3-9474-1A3956D46DE8}") = "SaaS.Domain", "SaaS.Domain", "{F9842D09-D408-47BC-BC9C-4BFE49A96D59}"
EndProject
Project("{FAE04EC0-301F-11D3-BF4B-00C04F79EFBC}") = "SaaS.Domain", "Modules\SaaS\SaaS.Domain\SaaS.Domain.csproj", "{CCDEAE14-5F63-434E-A7A7-4C025C1B3194}"
EndProject
Project("{2150E333-8FDC-42A3-9474-1A3956D46DE8}") = "SaaS.Infrastructure", "SaaS.Infrastructure", "{7443189B-6699-4556-A252-7C70193AB294}"
EndProject
Project("{2150E333-8FDC-42A3-9474-1A3956D46DE8}") = "SaaS.Application", "SaaS.Application", "{73B98ACC-9681-4524-B2C3-3D23AC952D22}"
EndProject
Project("{FAE04EC0-301F-11D3-BF4B-00C04F79EFBC}") = "SaaS.Application", "Modules\SaaS\SaaS.Application\SaaS.Application.csproj", "{42D8F65B-F82A-4BC3-9B80-BA8132975EA7}"
EndProject
Project("{FAE04EC0-301F-11D3-BF4B-00C04F79EFBC}") = "SaaS.Infrastructure", "Modules\SaaS\SaaS.Infrastructure\SaaS.Infrastructure.csproj", "{2FB90F8F-00E2-4DE9-B712-CD1DAAE79D7E}"
EndProject
Project("{FAE04EC0-301F-11D3-BF4B-00C04F79EFBC}") = "SharedContracts", "Shared\SharedContracts\SharedContracts.csproj", "{9A3D24F7-E129-4945-B3B7-FDE98BF39124}"
EndProject
Project("{2150E333-8FDC-42A3-9474-1A3956D46DE8}") = "Solution Items", "Solution Items", "{8EC462FD-D22E-90A8-E5CE-7E832BA40C5D}"
	ProjectSection(SolutionItems) = preProject
		Directory.Packages.props = Directory.Packages.props
	EndProjectSection
EndProject
Project("{54A90642-561A-4BB1-A94E-469ADEE60C69}") = "erp-ui", "Frontend\Frontend.Modules.UI\erp-ui\erp-ui.esproj", "{04A1E5F1-016A-22D9-3F64-56DB8713AE59}"
EndProject
Project("{2150E333-8FDC-42A3-9474-1A3956D46DE8}") = "ERP", "ERP", "{6B236EF5-94FD-476C-A36D-AD291831B4B7}"
EndProject
Project("{2150E333-8FDC-42A3-9474-1A3956D46DE8}") = "SaaS", "SaaS", "{D16E09FB-C704-488F-9CE8-017F77E322A2}"
EndProject
Project("{54A90642-561A-4BB1-A94E-469ADEE60C69}") = "saas-ui", "Frontend\Frontend.Modules.UI\saas-ui\saas-ui.esproj", "{6476EEA3-8A58-B621-CE36-4F93507E6257}"
EndProject
Global
	GlobalSection(SolutionConfigurationPlatforms) = preSolution
		Debug|Any CPU = Debug|Any CPU
		Release|Any CPU = Release|Any CPU
	EndGlobalSection
	GlobalSection(ProjectConfigurationPlatforms) = postSolution
		{3E10EB26-8923-4C8B-BED3-2A9010586B03}.Debug|Any CPU.ActiveCfg = Debug|Any CPU
		{3E10EB26-8923-4C8B-BED3-2A9010586B03}.Debug|Any CPU.Build.0 = Debug|Any CPU
		{3E10EB26-8923-4C8B-BED3-2A9010586B03}.Release|Any CPU.ActiveCfg = Release|Any CPU
		{3E10EB26-8923-4C8B-BED3-2A9010586B03}.Release|Any CPU.Build.0 = Release|Any CPU
		{D7C7FDA8-018B-DE9E-7E11-BA9A93BA01D9}.Debug|Any CPU.ActiveCfg = Debug|Any CPU
		{D7C7FDA8-018B-DE9E-7E11-BA9A93BA01D9}.Debug|Any CPU.Build.0 = Debug|Any CPU
		{D7C7FDA8-018B-DE9E-7E11-BA9A93BA01D9}.Release|Any CPU.ActiveCfg = Release|Any CPU
		{D7C7FDA8-018B-DE9E-7E11-BA9A93BA01D9}.Release|Any CPU.Build.0 = Release|Any CPU
		{8A78FB96-B2C1-4551-7CC8-A857EC604514}.Debug|Any CPU.ActiveCfg = Debug|Any CPU
		{8A78FB96-B2C1-4551-7CC8-A857EC604514}.Debug|Any CPU.Build.0 = Debug|Any CPU
		{8A78FB96-B2C1-4551-7CC8-A857EC604514}.Release|Any CPU.ActiveCfg = Release|Any CPU
		{8A78FB96-B2C1-4551-7CC8-A857EC604514}.Release|Any CPU.Build.0 = Release|Any CPU
		{D1756178-B7C8-4DEF-A185-976784CFD951}.Debug|Any CPU.ActiveCfg = Debug|Any CPU
		{D1756178-B7C8-4DEF-A185-976784CFD951}.Debug|Any CPU.Build.0 = Debug|Any CPU
		{D1756178-B7C8-4DEF-A185-976784CFD951}.Release|Any CPU.ActiveCfg = Release|Any CPU
		{D1756178-B7C8-4DEF-A185-976784CFD951}.Release|Any CPU.Build.0 = Release|Any CPU
		{6089DA95-8E49-424F-833A-AB3F4EB477DB}.Debug|Any CPU.ActiveCfg = Debug|Any CPU
		{6089DA95-8E49-424F-833A-AB3F4EB477DB}.Debug|Any CPU.Build.0 = Debug|Any CPU
		{6089DA95-8E49-424F-833A-AB3F4EB477DB}.Release|Any CPU.ActiveCfg = Release|Any CPU
		{6089DA95-8E49-424F-833A-AB3F4EB477DB}.Release|Any CPU.Build.0 = Release|Any CPU
		{36E991FE-A4A3-4444-AB49-C0295F12981B}.Debug|Any CPU.ActiveCfg = Debug|Any CPU
		{36E991FE-A4A3-4444-AB49-C0295F12981B}.Debug|Any CPU.Build.0 = Debug|Any CPU
		{36E991FE-A4A3-4444-AB49-C0295F12981B}.Release|Any CPU.ActiveCfg = Release|Any CPU
		{36E991FE-A4A3-4444-AB49-C0295F12981B}.Release|Any CPU.Build.0 = Release|Any CPU
		{1D00A97F-161D-4516-8F14-7105AA261B66}.Debug|Any CPU.ActiveCfg = Debug|Any CPU
		{1D00A97F-161D-4516-8F14-7105AA261B66}.Debug|Any CPU.Build.0 = Debug|Any CPU
		{1D00A97F-161D-4516-8F14-7105AA261B66}.Release|Any CPU.ActiveCfg = Release|Any CPU
		{1D00A97F-161D-4516-8F14-7105AA261B66}.Release|Any CPU.Build.0 = Release|Any CPU
		{8B6B5D63-1AE6-4D93-83FD-F01C47E42D0B}.Debug|Any CPU.ActiveCfg = Debug|Any CPU
		{8B6B5D63-1AE6-4D93-83FD-F01C47E42D0B}.Debug|Any CPU.Build.0 = Debug|Any CPU
		{8B6B5D63-1AE6-4D93-83FD-F01C47E42D0B}.Release|Any CPU.ActiveCfg = Release|Any CPU
		{8B6B5D63-1AE6-4D93-83FD-F01C47E42D0B}.Release|Any CPU.Build.0 = Release|Any CPU
		{CCDEAE14-5F63-434E-A7A7-4C025C1B3194}.Debug|Any CPU.ActiveCfg = Debug|Any CPU
		{CCDEAE14-5F63-434E-A7A7-4C025C1B3194}.Debug|Any CPU.Build.0 = Debug|Any CPU
		{CCDEAE14-5F63-434E-A7A7-4C025C1B3194}.Release|Any CPU.ActiveCfg = Release|Any CPU
		{CCDEAE14-5F63-434E-A7A7-4C025C1B3194}.Release|Any CPU.Build.0 = Release|Any CPU
		{42D8F65B-F82A-4BC3-9B80-BA8132975EA7}.Debug|Any CPU.ActiveCfg = Debug|Any CPU
		{42D8F65B-F82A-4BC3-9B80-BA8132975EA7}.Debug|Any CPU.Build.0 = Debug|Any CPU
		{42D8F65B-F82A-4BC3-9B80-BA8132975EA7}.Release|Any CPU.ActiveCfg = Release|Any CPU
		{42D8F65B-F82A-4BC3-9B80-BA8132975EA7}.Release|Any CPU.Build.0 = Release|Any CPU
		{2FB90F8F-00E2-4DE9-B712-CD1DAAE79D7E}.Debug|Any CPU.ActiveCfg = Debug|Any CPU
		{2FB90F8F-00E2-4DE9-B712-CD1DAAE79D7E}.Debug|Any CPU.Build.0 = Debug|Any CPU
		{2FB90F8F-00E2-4DE9-B712-CD1DAAE79D7E}.Release|Any CPU.ActiveCfg = Release|Any CPU
		{2FB90F8F-00E2-4DE9-B712-CD1DAAE79D7E}.Release|Any CPU.Build.0 = Release|Any CPU
		{9A3D24F7-E129-4945-B3B7-FDE98BF39124}.Debug|Any CPU.ActiveCfg = Debug|Any CPU
		{9A3D24F7-E129-4945-B3B7-FDE98BF39124}.Debug|Any CPU.Build.0 = Debug|Any CPU
		{9A3D24F7-E129-4945-B3B7-FDE98BF39124}.Release|Any CPU.ActiveCfg = Release|Any CPU
		{9A3D24F7-E129-4945-B3B7-FDE98BF39124}.Release|Any CPU.Build.0 = Release|Any CPU
		{04A1E5F1-016A-22D9-3F64-56DB8713AE59}.Debug|Any CPU.ActiveCfg = Debug|Any CPU
		{04A1E5F1-016A-22D9-3F64-56DB8713AE59}.Debug|Any CPU.Build.0 = Debug|Any CPU
		{04A1E5F1-016A-22D9-3F64-56DB8713AE59}.Debug|Any CPU.Deploy.0 = Debug|Any CPU
		{04A1E5F1-016A-22D9-3F64-56DB8713AE59}.Release|Any CPU.ActiveCfg = Release|Any CPU
		{04A1E5F1-016A-22D9-3F64-56DB8713AE59}.Release|Any CPU.Build.0 = Release|Any CPU
		{04A1E5F1-016A-22D9-3F64-56DB8713AE59}.Release|Any CPU.Deploy.0 = Release|Any CPU
		{6476EEA3-8A58-B621-CE36-4F93507E6257}.Debug|Any CPU.ActiveCfg = Debug|Any CPU
		{6476EEA3-8A58-B621-CE36-4F93507E6257}.Debug|Any CPU.Build.0 = Debug|Any CPU
		{6476EEA3-8A58-B621-CE36-4F93507E6257}.Debug|Any CPU.Deploy.0 = Debug|Any CPU
		{6476EEA3-8A58-B621-CE36-4F93507E6257}.Release|Any CPU.ActiveCfg = Release|Any CPU
		{6476EEA3-8A58-B621-CE36-4F93507E6257}.Release|Any CPU.Build.0 = Release|Any CPU
		{6476EEA3-8A58-B621-CE36-4F93507E6257}.Release|Any CPU.Deploy.0 = Release|Any CPU
	EndGlobalSection
	GlobalSection(SolutionProperties) = preSolution
		HideSolutionNode = FALSE
	EndGlobalSection
	GlobalSection(NestedProjects) = preSolution
		{3E10EB26-8923-4C8B-BED3-2A9010586B03} = {02EA681E-C7D8-13C7-8484-4AC65E1B71E8}
		{D7C7FDA8-018B-DE9E-7E11-BA9A93BA01D9} = {02EA681E-C7D8-13C7-8484-4AC65E1B71E8}
		{85F055A4-BD40-427F-9F86-8D77F4E15C58} = {8898470A-2599-43F2-A6E7-DC3B7C87A486}
		{31D881E9-14BB-4675-8576-0A7C44D53E3D} = {DD6912FA-7684-41E7-A27B-17435D62E371}
		{5C824646-2BD4-447B-9D02-8593E841BD02} = {31D881E9-14BB-4675-8576-0A7C44D53E3D}
		{37457BBF-A839-4025-A968-058FA60E34ED} = {31D881E9-14BB-4675-8576-0A7C44D53E3D}
		{29A2592F-76BF-4026-9BA6-8640867ED52D} = {31D881E9-14BB-4675-8576-0A7C44D53E3D}
		{CAC1B824-1716-4FAB-997A-BC99574E8163} = {31D881E9-14BB-4675-8576-0A7C44D53E3D}
		{8A78FB96-B2C1-4551-7CC8-A857EC604514} = {CAC1B824-1716-4FAB-997A-BC99574E8163}
		{D1756178-B7C8-4DEF-A185-976784CFD951} = {5C824646-2BD4-447B-9D02-8593E841BD02}
		{6089DA95-8E49-424F-833A-AB3F4EB477DB} = {37457BBF-A839-4025-A968-058FA60E34ED}
		{36E991FE-A4A3-4444-AB49-C0295F12981B} = {29A2592F-76BF-4026-9BA6-8640867ED52D}
		{1D00A97F-161D-4516-8F14-7105AA261B66} = {C8B463CB-2C02-48BE-90AE-C04EB8A571CD}
		{D95A7F5F-55D7-41AB-8B68-5C3CA37E20F3} = {DD6912FA-7684-41E7-A27B-17435D62E371}
		{30D84DFA-6FB3-4B7F-A71B-DBDEDD8FF258} = {D95A7F5F-55D7-41AB-8B68-5C3CA37E20F3}
		{8B6B5D63-1AE6-4D93-83FD-F01C47E42D0B} = {30D84DFA-6FB3-4B7F-A71B-DBDEDD8FF258}
		{F9842D09-D408-47BC-BC9C-4BFE49A96D59} = {D95A7F5F-55D7-41AB-8B68-5C3CA37E20F3}
		{CCDEAE14-5F63-434E-A7A7-4C025C1B3194} = {F9842D09-D408-47BC-BC9C-4BFE49A96D59}
		{7443189B-6699-4556-A252-7C70193AB294} = {D95A7F5F-55D7-41AB-8B68-5C3CA37E20F3}
		{73B98ACC-9681-4524-B2C3-3D23AC952D22} = {D95A7F5F-55D7-41AB-8B68-5C3CA37E20F3}
		{42D8F65B-F82A-4BC3-9B80-BA8132975EA7} = {73B98ACC-9681-4524-B2C3-3D23AC952D22}
		{2FB90F8F-00E2-4DE9-B712-CD1DAAE79D7E} = {7443189B-6699-4556-A252-7C70193AB294}
		{9A3D24F7-E129-4945-B3B7-FDE98BF39124} = {C8B463CB-2C02-48BE-90AE-C04EB8A571CD}
		{04A1E5F1-016A-22D9-3F64-56DB8713AE59} = {6B236EF5-94FD-476C-A36D-AD291831B4B7}
		{6B236EF5-94FD-476C-A36D-AD291831B4B7} = {85F055A4-BD40-427F-9F86-8D77F4E15C58}
		{D16E09FB-C704-488F-9CE8-017F77E322A2} = {85F055A4-BD40-427F-9F86-8D77F4E15C58}
		{6476EEA3-8A58-B621-CE36-4F93507E6257} = {D16E09FB-C704-488F-9CE8-017F77E322A2}
	EndGlobalSection
	GlobalSection(ExtensibilityGlobals) = postSolution
		SolutionGuid = {5F33B6A0-04C1-4AD2-A67B-3B4BE2120A69}
	EndGlobalSection
EndGlobal
